
Microsoft Visual Studio Solution File, Format Version 11.00
# Visual Studio 2010
Project("{FAE04EC0-301F-11D3-BF4B-00C04F79EFBC}") = "NewAssembly", "NewAssembly.csproj", "{2C5B7D0F-65EB-1959-249E-2E64A13F5FF7}"
EndProject
Project("{FAE04EC0-301F-11D3-BF4B-00C04F79EFBC}") = "Assembly-CSharp", "Assembly-CSharp.csproj", "{31EA003C-1CF9-D946-A919-8AC5ED6BE76A}"
EndProject
Project("{FAE04EC0-301F-11D3-BF4B-00C04F79EFBC}") = "Assembly-CSharp-firstpass", "Assembly-CSharp-firstpass.csproj", "{2FFD1308-D3E3-B8C5-DFA4-E6888F24FA14}"
EndProject
Project("{FAE04EC0-301F-11D3-BF4B-00C04F79EFBC}") = "PlayerAD", "PlayerAD.csproj", "{4191CF9F-8742-7C8B-F7B7-B7555051A2E0}"
EndProject
Project("{FAE04EC0-301F-11D3-BF4B-00C04F79EFBC}") = "EnemyAD", "EnemyAD.csproj", "{5A036E8F-0E79-8B93-4BC4-E96174B9CF2B}"
EndProject
Project("{FAE04EC0-301F-11D3-BF4B-00C04F79EFBC}") = "Assembly-CSharp-Editor", "Assembly-CSharp-Editor.csproj", "{A1309D70-B6F5-52CF-F13A-A13D5A30ED55}"
EndProject
Global
	GlobalSection(SolutionConfigurationPlatforms) = preSolution
		Debug|Any CPU = Debug|Any CPU
		Release|Any CPU = Release|Any CPU
	EndGlobalSection
	GlobalSection(ProjectConfigurationPlatforms) = postSolution
		{2C5B7D0F-65EB-1959-249E-2E64A13F5FF7}.Debug|Any CPU.ActiveCfg = Debug|Any CPU
		{2C5B7D0F-65EB-1959-249E-2E64A13F5FF7}.Debug|Any CPU.Build.0 = Debug|Any CPU
		{2C5B7D0F-65EB-1959-249E-2E64A13F5FF7}.Release|Any CPU.ActiveCfg = Release|Any CPU
		{2C5B7D0F-65EB-1959-249E-2E64A13F5FF7}.Release|Any CPU.Build.0 = Release|Any CPU
		{31EA003C-1CF9-D946-A919-8AC5ED6BE76A}.Debug|Any CPU.ActiveCfg = Debug|Any CPU
		{31EA003C-1CF9-D946-A919-8AC5ED6BE76A}.Debug|Any CPU.Build.0 = Debug|Any CPU
		{31EA003C-1CF9-D946-A919-8AC5ED6BE76A}.Release|Any CPU.ActiveCfg = Release|Any CPU
		{31EA003C-1CF9-D946-A919-8AC5ED6BE76A}.Release|Any CPU.Build.0 = Release|Any CPU
		{2FFD1308-D3E3-B8C5-DFA4-E6888F24FA14}.Debug|Any CPU.ActiveCfg = Debug|Any CPU
		{2FFD1308-D3E3-B8C5-DFA4-E6888F24FA14}.Debug|Any CPU.Build.0 = Debug|Any CPU
		{2FFD1308-D3E3-B8C5-DFA4-E6888F24FA14}.Release|Any CPU.ActiveCfg = Release|Any CPU
		{2FFD1308-D3E3-B8C5-DFA4-E6888F24FA14}.Release|Any CPU.Build.0 = Release|Any CPU
		{4191CF9F-8742-7C8B-F7B7-B7555051A2E0}.Debug|Any CPU.ActiveCfg = Debug|Any CPU
		{4191CF9F-8742-7C8B-F7B7-B7555051A2E0}.Debug|Any CPU.Build.0 = Debug|Any CPU
		{4191CF9F-8742-7C8B-F7B7-B7555051A2E0}.Release|Any CPU.ActiveCfg = Release|Any CPU
		{4191CF9F-8742-7C8B-F7B7-B7555051A2E0}.Release|Any CPU.Build.0 = Release|Any CPU
		{5A036E8F-0E79-8B93-4BC4-E96174B9CF2B}.Debug|Any CPU.ActiveCfg = Debug|Any CPU
		{5A036E8F-0E79-8B93-4BC4-E96174B9CF2B}.Debug|Any CPU.Build.0 = Debug|Any CPU
		{5A036E8F-0E79-8B93-4BC4-E96174B9CF2B}.Release|Any CPU.ActiveCfg = Release|Any CPU
		{5A036E8F-0E79-8B93-4BC4-E96174B9CF2B}.Release|Any CPU.Build.0 = Release|Any CPU
		{A1309D70-B6F5-52CF-F13A-A13D5A30ED55}.Debug|Any CPU.ActiveCfg = Debug|Any CPU
		{A1309D70-B6F5-52CF-F13A-A13D5A30ED55}.Debug|Any CPU.Build.0 = Debug|Any CPU
		{A1309D70-B6F5-52CF-F13A-A13D5A30ED55}.Release|Any CPU.ActiveCfg = Release|Any CPU
		{A1309D70-B6F5-52CF-F13A-A13D5A30ED55}.Release|Any CPU.Build.0 = Release|Any CPU
	EndGlobalSection
	GlobalSection(SolutionProperties) = preSolution
		HideSolutionNode = FALSE
	EndGlobalSection
EndGlobal
